
Microsoft Visual Studio Solution File, Format Version 12.00
# Visual Studio 14
VisualStudioVersion = 14.0.23107.0
MinimumVisualStudioVersion = 10.0.40219.1
Project("{FAE04EC0-301F-11D3-BF4B-00C04F79EFBC}") = "APSIM.Cloud.Shared", "..\APSIM.Cloud\APSIM.Cloud.Shared\APSIM.Cloud.Shared.csproj", "{38151154-60D4-47BD-BCC2-679BA8BF144E}"
EndProject
Project("{FAE04EC0-301F-11D3-BF4B-00C04F79EFBC}") = "APSIM.Shared", "..\APSIM.Shared\APSIM.Shared.csproj", "{E243AE8D-35E3-4397-B180-EF1E8A91AE8C}"
EndProject
Project("{FAE04EC0-301F-11D3-BF4B-00C04F79EFBC}") = "POAMA.Service", "POAMA.Service\POAMA.Service.csproj", "{6DF6552F-D028-4E7D-B221-5D01DBC4A0EA}"
EndProject
Project("{FAE04EC0-301F-11D3-BF4B-00C04F79EFBC}") = "POAMA.CallService", "POAMA.CallService\POAMA.CallService.csproj", "{2858BEF1-B691-4D75-97D8-C72DF7CBDC31}"
EndProject
Global
	GlobalSection(SolutionConfigurationPlatforms) = preSolution
		Debug|Any CPU = Debug|Any CPU
		Release|Any CPU = Release|Any CPU
	EndGlobalSection
	GlobalSection(ProjectConfigurationPlatforms) = postSolution
		{38151154-60D4-47BD-BCC2-679BA8BF144E}.Debug|Any CPU.ActiveCfg = Debug|Any CPU
		{38151154-60D4-47BD-BCC2-679BA8BF144E}.Debug|Any CPU.Build.0 = Debug|Any CPU
		{38151154-60D4-47BD-BCC2-679BA8BF144E}.Release|Any CPU.ActiveCfg = Release|Any CPU
		{38151154-60D4-47BD-BCC2-679BA8BF144E}.Release|Any CPU.Build.0 = Release|Any CPU
		{E243AE8D-35E3-4397-B180-EF1E8A91AE8C}.Debug|Any CPU.ActiveCfg = Debug|Any CPU
		{E243AE8D-35E3-4397-B180-EF1E8A91AE8C}.Debug|Any CPU.Build.0 = Debug|Any CPU
		{E243AE8D-35E3-4397-B180-EF1E8A91AE8C}.Release|Any CPU.ActiveCfg = Release|Any CPU
		{E243AE8D-35E3-4397-B180-EF1E8A91AE8C}.Release|Any CPU.Build.0 = Release|Any CPU
		{6DF6552F-D028-4E7D-B221-5D01DBC4A0EA}.Debug|Any CPU.ActiveCfg = Debug|Any CPU
		{6DF6552F-D028-4E7D-B221-5D01DBC4A0EA}.Debug|Any CPU.Build.0 = Debug|Any CPU
		{6DF6552F-D028-4E7D-B221-5D01DBC4A0EA}.Release|Any CPU.ActiveCfg = Release|Any CPU
		{6DF6552F-D028-4E7D-B221-5D01DBC4A0EA}.Release|Any CPU.Build.0 = Release|Any CPU
		{2858BEF1-B691-4D75-97D8-C72DF7CBDC31}.Debug|Any CPU.ActiveCfg = Debug|Any CPU
		{2858BEF1-B691-4D75-97D8-C72DF7CBDC31}.Debug|Any CPU.Build.0 = Debug|Any CPU
		{2858BEF1-B691-4D75-97D8-C72DF7CBDC31}.Release|Any CPU.ActiveCfg = Release|Any CPU
		{2858BEF1-B691-4D75-97D8-C72DF7CBDC31}.Release|Any CPU.Build.0 = Release|Any CPU
	EndGlobalSection
	GlobalSection(SolutionProperties) = preSolution
		HideSolutionNode = FALSE
	EndGlobalSection
EndGlobal
